
Microsoft Visual Studio Solution File, Format Version 12.00
# Visual Studio Version 17
VisualStudioVersion = 17.9.34616.47
MinimumVisualStudioVersion = 10.0.40219.1
Project("{FAE04EC0-301F-11D3-BF4B-00C04F79EFBC}") = "SerializationLab", "SerializationLab.csproj", "{004FA114-0EC5-4964-BDBE-896240DB314C}"
EndProject
Global
	GlobalSection(SolutionConfigurationPlatforms) = preSolution
		Debug|Any CPU = Debug|Any CPU
		Release|Any CPU = Release|Any CPU
	EndGlobalSection
	GlobalSection(ProjectConfigurationPlatforms) = postSolution
		{004FA114-0EC5-4964-BDBE-896240DB314C}.Debug|Any CPU.ActiveCfg = Debug|Any CPU
		{004FA114-0EC5-4964-BDBE-896240DB314C}.Debug|Any CPU.Build.0 = Debug|Any CPU
		{004FA114-0EC5-4964-BDBE-896240DB314C}.Release|Any CPU.ActiveCfg = Release|Any CPU
		{004FA114-0EC5-4964-BDBE-896240DB314C}.Release|Any CPU.Build.0 = Release|Any CPU
	EndGlobalSection
	GlobalSection(SolutionProperties) = preSolution
		HideSolutionNode = FALSE
	EndGlobalSection
	GlobalSection(ExtensibilityGlobals) = postSolution
		SolutionGuid = {67987373-209D-4888-ABE5-890979A72B48}
	EndGlobalSection
EndGlobal
